
Microsoft Visual Studio Solution File, Format Version 12.00
# Visual Studio Version 17
VisualStudioVersion = 17.5.002.0
MinimumVisualStudioVersion = 10.0.40219.1
Project("{9A19103F-16F7-4668-BE54-9A1E7A4F7556}") = "KoiDelivery.WebApp", "KoiDelivery.WebApp\KoiDelivery.WebApp.csproj", "{422E0DC1-FA42-46A5-A08E-389FA96C80D1}"
EndProject
Project("{9A19103F-16F7-4668-BE54-9A1E7A4F7556}") = "KoiDelivery.Services", "KoiDelivery.Services\KoiDelivery.Services.csproj", "{2F9830E6-6C38-40FC-B647-1948F9968974}"
EndProject
Project("{9A19103F-16F7-4668-BE54-9A1E7A4F7556}") = "KoiDelivery.Repositories", "KoiDelivery.Repositories\KoiDelivery.Repositories.csproj", "{55EDDE91-5B65-422C-A348-7A98483A8E32}"
EndProject
Global
	GlobalSection(SolutionConfigurationPlatforms) = preSolution
		Debug|Any CPU = Debug|Any CPU
		Release|Any CPU = Release|Any CPU
	EndGlobalSection
	GlobalSection(ProjectConfigurationPlatforms) = postSolution
		{422E0DC1-FA42-46A5-A08E-389FA96C80D1}.Debug|Any CPU.ActiveCfg = Debug|Any CPU
		{422E0DC1-FA42-46A5-A08E-389FA96C80D1}.Debug|Any CPU.Build.0 = Debug|Any CPU
		{422E0DC1-FA42-46A5-A08E-389FA96C80D1}.Release|Any CPU.ActiveCfg = Release|Any CPU
		{422E0DC1-FA42-46A5-A08E-389FA96C80D1}.Release|Any CPU.Build.0 = Release|Any CPU
		{2F9830E6-6C38-40FC-B647-1948F9968974}.Debug|Any CPU.ActiveCfg = Debug|Any CPU
		{2F9830E6-6C38-40FC-B647-1948F9968974}.Debug|Any CPU.Build.0 = Debug|Any CPU
		{2F9830E6-6C38-40FC-B647-1948F9968974}.Release|Any CPU.ActiveCfg = Release|Any CPU
		{2F9830E6-6C38-40FC-B647-1948F9968974}.Release|Any CPU.Build.0 = Release|Any CPU
		{55EDDE91-5B65-422C-A348-7A98483A8E32}.Debug|Any CPU.ActiveCfg = Debug|Any CPU
		{55EDDE91-5B65-422C-A348-7A98483A8E32}.Debug|Any CPU.Build.0 = Debug|Any CPU
		{55EDDE91-5B65-422C-A348-7A98483A8E32}.Release|Any CPU.ActiveCfg = Release|Any CPU
		{55EDDE91-5B65-422C-A348-7A98483A8E32}.Release|Any CPU.Build.0 = Release|Any CPU
	EndGlobalSection
	GlobalSection(SolutionProperties) = preSolution
		HideSolutionNode = FALSE
	EndGlobalSection
	GlobalSection(ExtensibilityGlobals) = postSolution
		SolutionGuid = {861A8AAE-A83A-49F3-9533-F96E8D59772B}
	EndGlobalSection
EndGlobal
